
Microsoft Visual Studio Solution File, Format Version 12.00
# Visual Studio Version 17
VisualStudioVersion = 17.10.35013.160
MinimumVisualStudioVersion = 10.0.40219.1
Project("{8BC9CEB8-8B4A-11D0-8D11-00A0C91BC942}") = "Sandbox", "Sandbox\Sandbox.vcxproj", "{95012502-B202-43CD-90B4-C882D76164F6}"
EndProject
Project("{8BC9CEB8-8B4A-11D0-8D11-00A0C91BC942}") = "Grape", "Grape\Grape.vcxproj", "{60536E94-8266-4D6A-9497-3F08DA4381C2}"
EndProject
Global
	GlobalSection(SolutionConfigurationPlatforms) = preSolution
		Debug|x64 = Debug|x64
		Release|x64 = Release|x64
	EndGlobalSection
	GlobalSection(ProjectConfigurationPlatforms) = postSolution
		{60536E94-8266-4D6A-9497-3F08DA4381C2}.Debug|x64.ActiveCfg = Debug|x64
		{60536E94-8266-4D6A-9497-3F08DA4381C2}.Debug|x64.Build.0 = Debug|x64
		{60536E94-8266-4D6A-9497-3F08DA4381C2}.Release|x64.ActiveCfg = Release|x64
		{60536E94-8266-4D6A-9497-3F08DA4381C2}.Release|x64.Build.0 = Release|x64
		{95012502-B202-43CD-90B4-C882D76164F6}.Debug|x64.ActiveCfg = Debug|x64
		{95012502-B202-43CD-90B4-C882D76164F6}.Debug|x64.Build.0 = Debug|x64
		{95012502-B202-43CD-90B4-C882D76164F6}.Release|x64.ActiveCfg = Release|x64
		{95012502-B202-43CD-90B4-C882D76164F6}.Release|x64.Build.0 = Release|x64
	EndGlobalSection
	GlobalSection(SolutionProperties) = preSolution
		HideSolutionNode = FALSE
	EndGlobalSection
	GlobalSection(ExtensibilityGlobals) = postSolution
		SolutionGuid = {88ACFBD7-4732-4DB6-971B-52262EB11748}
	EndGlobalSection
EndGlobal
